
Microsoft Visual Studio Solution File, Format Version 12.00
# Visual Studio Version 17
VisualStudioVersion = 17.8.34511.84
MinimumVisualStudioVersion = 10.0.40219.1
Project("{FAE04EC0-301F-11D3-BF4B-00C04F79EFBC}") = "weekend weekdays switch case", "weekend weekdays switch case\weekend weekdays switch case.csproj", "{B38936A2-E0E1-4634-A927-9B33CD90A3BB}"
EndProject
Global
	GlobalSection(SolutionConfigurationPlatforms) = preSolution
		Debug|Any CPU = Debug|Any CPU
		Release|Any CPU = Release|Any CPU
	EndGlobalSection
	GlobalSection(ProjectConfigurationPlatforms) = postSolution
		{B38936A2-E0E1-4634-A927-9B33CD90A3BB}.Debug|Any CPU.ActiveCfg = Debug|Any CPU
		{B38936A2-E0E1-4634-A927-9B33CD90A3BB}.Debug|Any CPU.Build.0 = Debug|Any CPU
		{B38936A2-E0E1-4634-A927-9B33CD90A3BB}.Release|Any CPU.ActiveCfg = Release|Any CPU
		{B38936A2-E0E1-4634-A927-9B33CD90A3BB}.Release|Any CPU.Build.0 = Release|Any CPU
	EndGlobalSection
	GlobalSection(SolutionProperties) = preSolution
		HideSolutionNode = FALSE
	EndGlobalSection
	GlobalSection(ExtensibilityGlobals) = postSolution
		SolutionGuid = {E2B67A97-A133-41AD-9A5D-27F4004B87A4}
	EndGlobalSection
EndGlobal
